
Microsoft Visual Studio Solution File, Format Version 12.00
Project("{FAE04EC0-301F-11D3-BF4B-00C04F79EFBC}") = "MarsRover.WebApi", "MarsRover.WebApi\MarsRover.WebApi.csproj", "{47553078-4013-4221-8BD9-0B5C156B0454}"
EndProject
Project("{FAE04EC0-301F-11D3-BF4B-00C04F79EFBC}") = "MarsRover.Domain", "MarsRover.Domain\MarsRover.Domain.csproj", "{A7B3B2EB-FC85-41F9-9E30-B18DFB2A5FE6}"
EndProject
Project("{FAE04EC0-301F-11D3-BF4B-00C04F79EFBC}") = "MarsRover.Domain.Tests", "MarsRover.Domain.Tests\MarsRover.Domain.Tests.csproj", "{8973F753-D163-449B-93F5-FF99CFFBAAB7}"
EndProject
Global
	GlobalSection(SolutionConfigurationPlatforms) = preSolution
		Debug|Any CPU = Debug|Any CPU
		Release|Any CPU = Release|Any CPU
	EndGlobalSection
	GlobalSection(ProjectConfigurationPlatforms) = postSolution
		{47553078-4013-4221-8BD9-0B5C156B0454}.Debug|Any CPU.ActiveCfg = Debug|Any CPU
		{47553078-4013-4221-8BD9-0B5C156B0454}.Debug|Any CPU.Build.0 = Debug|Any CPU
		{47553078-4013-4221-8BD9-0B5C156B0454}.Release|Any CPU.ActiveCfg = Release|Any CPU
		{47553078-4013-4221-8BD9-0B5C156B0454}.Release|Any CPU.Build.0 = Release|Any CPU
		{A7B3B2EB-FC85-41F9-9E30-B18DFB2A5FE6}.Debug|Any CPU.ActiveCfg = Debug|Any CPU
		{A7B3B2EB-FC85-41F9-9E30-B18DFB2A5FE6}.Debug|Any CPU.Build.0 = Debug|Any CPU
		{A7B3B2EB-FC85-41F9-9E30-B18DFB2A5FE6}.Release|Any CPU.ActiveCfg = Release|Any CPU
		{A7B3B2EB-FC85-41F9-9E30-B18DFB2A5FE6}.Release|Any CPU.Build.0 = Release|Any CPU
		{8973F753-D163-449B-93F5-FF99CFFBAAB7}.Debug|Any CPU.ActiveCfg = Debug|Any CPU
		{8973F753-D163-449B-93F5-FF99CFFBAAB7}.Debug|Any CPU.Build.0 = Debug|Any CPU
		{8973F753-D163-449B-93F5-FF99CFFBAAB7}.Release|Any CPU.ActiveCfg = Release|Any CPU
		{8973F753-D163-449B-93F5-FF99CFFBAAB7}.Release|Any CPU.Build.0 = Release|Any CPU
	EndGlobalSection
EndGlobal
